Microsoft Visual Studio Solution File, Format Version 12.00
# Visual Studio Version 17
VisualStudioVersion = 17.8.34330.188
MinimumVisualStudioVersion = 10.0.40219.1
Project("{FAE04EC0-301F-11D3-BF4B-00C04F79EFBC}") = "WinRepair.Core", "WinRepair.Core\WinRepair.Core.csproj", "{A1B2C3D4-1111-4A11-8111-111111111111}"
EndProject
Project("{FAE04EC0-301F-11D3-BF4B-00C04F79EFBC}") = "WinRepair.Services", "WinRepair.Services\WinRepair.Services.csproj", "{A1B2C3D4-2222-4A22-8222-222222222222}"
EndProject
Project("{FAE04EC0-301F-11D3-BF4B-00C04F79EFBC}") = "WinRepair.App", "WinRepair.App\WinRepair.App.csproj", "{A1B2C3D4-3333-4A33-8333-333333333333}"
EndProject
Project("{FAE04EC0-301F-11D3-BF4B-00C04F79EFBC}") = "WinRepair.Tests", "WinRepair.Tests\WinRepair.Tests.csproj", "{A1B2C3D4-4444-4A44-8444-444444444444}"
EndProject
Global
	GlobalSection(SolutionConfigurationPlatforms) = preSolution
		Debug|Any CPU = Debug|Any CPU
		Release|Any CPU = Release|Any CPU
		Debug|x64 = Debug|x64
		Release|x64 = Release|x64
	EndGlobalSection
	GlobalSection(ProjectConfigurationPlatforms) = postSolution
		{A1B2C3D4-1111-4A11-8111-111111111111}.Debug|Any CPU.ActiveCfg = Debug|Any CPU
		{A1B2C3D4-1111-4A11-8111-111111111111}.Debug|Any CPU.Build.0 = Debug|Any CPU
		{A1B2C3D4-1111-4A11-8111-111111111111}.Release|Any CPU.ActiveCfg = Release|Any CPU
		{A1B2C3D4-1111-4A11-8111-111111111111}.Release|Any CPU.Build.0 = Release|Any CPU
		{A1B2C3D4-1111-4A11-8111-111111111111}.Debug|x64.ActiveCfg = Debug|Any CPU
		{A1B2C3D4-1111-4A11-8111-111111111111}.Debug|x64.Build.0 = Debug|Any CPU
		{A1B2C3D4-1111-4A11-8111-111111111111}.Release|x64.ActiveCfg = Release|Any CPU
		{A1B2C3D4-1111-4A11-8111-111111111111}.Release|x64.Build.0 = Release|Any CPU
		{A1B2C3D4-2222-4A22-8222-222222222222}.Debug|Any CPU.ActiveCfg = Debug|Any CPU
		{A1B2C3D4-2222-4A22-8222-222222222222}.Debug|Any CPU.Build.0 = Debug|Any CPU
		{A1B2C3D4-2222-4A22-8222-222222222222}.Release|Any CPU.ActiveCfg = Release|Any CPU
		{A1B2C3D4-2222-4A22-8222-222222222222}.Release|Any CPU.Build.0 = Release|Any CPU
		{A1B2C3D4-2222-4A22-8222-222222222222}.Debug|x64.ActiveCfg = Debug|Any CPU
		{A1B2C3D4-2222-4A22-8222-222222222222}.Debug|x64.Build.0 = Debug|Any CPU
		{A1B2C3D4-2222-4A22-8222-222222222222}.Release|x64.ActiveCfg = Release|Any CPU
		{A1B2C3D4-2222-4A22-8222-222222222222}.Release|x64.Build.0 = Release|Any CPU
		{A1B2C3D4-3333-4A33-8333-333333333333}.Debug|Any CPU.ActiveCfg = Debug|Any CPU
		{A1B2C3D4-3333-4A33-8333-333333333333}.Debug|Any CPU.Build.0 = Debug|Any CPU
		{A1B2C3D4-3333-4A33-8333-333333333333}.Release|Any CPU.ActiveCfg = Release|Any CPU
		{A1B2C3D4-3333-4A33-8333-333333333333}.Release|Any CPU.Build.0 = Release|Any CPU
		{A1B2C3D4-3333-4A33-8333-333333333333}.Debug|x64.ActiveCfg = Debug|Any CPU
		{A1B2C3D4-3333-4A33-8333-333333333333}.Debug|x64.Build.0 = Debug|Any CPU
		{A1B2C3D4-3333-4A33-8333-333333333333}.Release|x64.ActiveCfg = Release|Any CPU
		{A1B2C3D4-3333-4A33-8333-333333333333}.Release|x64.Build.0 = Release|Any CPU
		{A1B2C3D4-4444-4A44-8444-444444444444}.Debug|Any CPU.ActiveCfg = Debug|Any CPU
		{A1B2C3D4-4444-4A44-8444-444444444444}.Debug|Any CPU.Build.0 = Debug|Any CPU
		{A1B2C3D4-4444-4A44-8444-444444444444}.Release|Any CPU.ActiveCfg = Release|Any CPU
		{A1B2C3D4-4444-4A44-8444-444444444444}.Release|Any CPU.Build.0 = Release|Any CPU
		{A1B2C3D4-4444-4A44-8444-444444444444}.Debug|x64.ActiveCfg = Debug|Any CPU
		{A1B2C3D4-4444-4A44-8444-444444444444}.Debug|x64.Build.0 = Debug|Any CPU
		{A1B2C3D4-4444-4A44-8444-444444444444}.Release|x64.ActiveCfg = Release|Any CPU
		{A1B2C3D4-4444-4A44-8444-444444444444}.Release|x64.Build.0 = Release|Any CPU
	EndGlobalSection
EndGlobal
